
Microsoft Visual Studio Solution File, Format Version 12.00
# Visual Studio Version 17
VisualStudioVersion = 17.1.32328.378
MinimumVisualStudioVersion = 10.0.40219.1
Project("{FAE04EC0-301F-11D3-BF4B-00C04F79EFBC}") = "CoreAndFood", "CoreAndFood\CoreAndFood.csproj", "{C7082AB1-F2D4-4B50-A2F3-56D61BBB0C2B}"
EndProject
Global
	GlobalSection(SolutionConfigurationPlatforms) = preSolution
		Debug|Any CPU = Debug|Any CPU
		Release|Any CPU = Release|Any CPU
	EndGlobalSection
	GlobalSection(ProjectConfigurationPlatforms) = postSolution
		{C7082AB1-F2D4-4B50-A2F3-56D61BBB0C2B}.Debug|Any CPU.ActiveCfg = Debug|Any CPU
		{C7082AB1-F2D4-4B50-A2F3-56D61BBB0C2B}.Debug|Any CPU.Build.0 = Debug|Any CPU
		{C7082AB1-F2D4-4B50-A2F3-56D61BBB0C2B}.Release|Any CPU.ActiveCfg = Release|Any CPU
		{C7082AB1-F2D4-4B50-A2F3-56D61BBB0C2B}.Release|Any CPU.Build.0 = Release|Any CPU
	EndGlobalSection
	GlobalSection(SolutionProperties) = preSolution
		HideSolutionNode = FALSE
	EndGlobalSection
	GlobalSection(ExtensibilityGlobals) = postSolution
		SolutionGuid = {D7B35A35-484C-4A8A-9EB4-C83210A3BEB9}
	EndGlobalSection
EndGlobal
